
Microsoft Visual Studio Solution File, Format Version 12.00
# Visual Studio 15
VisualStudioVersion = 15.0.27130.2010
MinimumVisualStudioVersion = 10.0.40219.1
Project("{FAE04EC0-301F-11D3-BF4B-00C04F79EFBC}") = "MyProxyPattern", "MyProxyPattern\MyProxyPattern.csproj", "{2875DAC2-FAE1-4C70-BA8B-6AB3FB6F53D3}"
EndProject
Global
	GlobalSection(SolutionConfigurationPlatforms) = preSolution
		Debug|Any CPU = Debug|Any CPU
		Release|Any CPU = Release|Any CPU
	EndGlobalSection
	GlobalSection(ProjectConfigurationPlatforms) = postSolution
		{2875DAC2-FAE1-4C70-BA8B-6AB3FB6F53D3}.Debug|Any CPU.ActiveCfg = Debug|Any CPU
		{2875DAC2-FAE1-4C70-BA8B-6AB3FB6F53D3}.Debug|Any CPU.Build.0 = Debug|Any CPU
		{2875DAC2-FAE1-4C70-BA8B-6AB3FB6F53D3}.Release|Any CPU.ActiveCfg = Release|Any CPU
		{2875DAC2-FAE1-4C70-BA8B-6AB3FB6F53D3}.Release|Any CPU.Build.0 = Release|Any CPU
	EndGlobalSection
	GlobalSection(SolutionProperties) = preSolution
		HideSolutionNode = FALSE
	EndGlobalSection
	GlobalSection(ExtensibilityGlobals) = postSolution
		SolutionGuid = {05ECB4F8-F532-451C-B2D4-D9BDC7C6D076}
	EndGlobalSection
EndGlobal
