
Microsoft Visual Studio Solution File, Format Version 12.00
# Visual Studio 15
VisualStudioVersion = 15.0.27130.2010
MinimumVisualStudioVersion = 10.0.40219.1
Project("{FAE04EC0-301F-11D3-BF4B-00C04F79EFBC}") = "MyDIP", "MyDIP\MyDIP.csproj", "{DD017575-F9F5-4B77-B314-55F60252395E}"
EndProject
Project("{FAE04EC0-301F-11D3-BF4B-00C04F79EFBC}") = "Kiloway.BLL", "Kiloway.Bll\Kiloway.BLL.csproj", "{33B13073-1974-4E1B-9887-80ADB7948A36}"
EndProject
Project("{FAE04EC0-301F-11D3-BF4B-00C04F79EFBC}") = "Kiloway.DAL", "Kiloway.DAL\Kiloway.DAL.csproj", "{AB676346-E2D4-4F89-AF9C-CEEB96E6E6EA}"
EndProject
Project("{FAE04EC0-301F-11D3-BF4B-00C04F79EFBC}") = "Kiloway.IBLL", "Kiloway.IBLL\Kiloway.IBLL.csproj", "{481CDA1C-467D-4319-B88E-A22BC52D569C}"
EndProject
Project("{FAE04EC0-301F-11D3-BF4B-00C04F79EFBC}") = "Kiloway.IDAL", "Kiloway.IDAL\Kiloway.IDAL.csproj", "{3757AB65-2DB5-4DC8-8BEC-0FE033905F49}"
EndProject
Project("{FAE04EC0-301F-11D3-BF4B-00C04F79EFBC}") = "Kiloway.Factory", "Kiloway.Factory\Kiloway.Factory.csproj", "{8D12B489-92FF-403E-83E6-62364B9CC592}"
EndProject
Project("{FAE04EC0-301F-11D3-BF4B-00C04F79EFBC}") = "Kiloway.BLL.Update", "Kiloway.BLL.Update\Kiloway.BLL.Update.csproj", "{9ED3D935-78AE-4171-A8D7-59322C5A49DD}"
EndProject
Global
	GlobalSection(SolutionConfigurationPlatforms) = preSolution
		Debug|Any CPU = Debug|Any CPU
		Release|Any CPU = Release|Any CPU
	EndGlobalSection
	GlobalSection(ProjectConfigurationPlatforms) = postSolution
		{DD017575-F9F5-4B77-B314-55F60252395E}.Debug|Any CPU.ActiveCfg = Debug|Any CPU
		{DD017575-F9F5-4B77-B314-55F60252395E}.Debug|Any CPU.Build.0 = Debug|Any CPU
		{DD017575-F9F5-4B77-B314-55F60252395E}.Release|Any CPU.ActiveCfg = Release|Any CPU
		{DD017575-F9F5-4B77-B314-55F60252395E}.Release|Any CPU.Build.0 = Release|Any CPU
		{33B13073-1974-4E1B-9887-80ADB7948A36}.Debug|Any CPU.ActiveCfg = Debug|Any CPU
		{33B13073-1974-4E1B-9887-80ADB7948A36}.Debug|Any CPU.Build.0 = Debug|Any CPU
		{33B13073-1974-4E1B-9887-80ADB7948A36}.Release|Any CPU.ActiveCfg = Release|Any CPU
		{33B13073-1974-4E1B-9887-80ADB7948A36}.Release|Any CPU.Build.0 = Release|Any CPU
		{AB676346-E2D4-4F89-AF9C-CEEB96E6E6EA}.Debug|Any CPU.ActiveCfg = Debug|Any CPU
		{AB676346-E2D4-4F89-AF9C-CEEB96E6E6EA}.Debug|Any CPU.Build.0 = Debug|Any CPU
		{AB676346-E2D4-4F89-AF9C-CEEB96E6E6EA}.Release|Any CPU.ActiveCfg = Release|Any CPU
		{AB676346-E2D4-4F89-AF9C-CEEB96E6E6EA}.Release|Any CPU.Build.0 = Release|Any CPU
		{481CDA1C-467D-4319-B88E-A22BC52D569C}.Debug|Any CPU.ActiveCfg = Debug|Any CPU
		{481CDA1C-467D-4319-B88E-A22BC52D569C}.Debug|Any CPU.Build.0 = Debug|Any CPU
		{481CDA1C-467D-4319-B88E-A22BC52D569C}.Release|Any CPU.ActiveCfg = Release|Any CPU
		{481CDA1C-467D-4319-B88E-A22BC52D569C}.Release|Any CPU.Build.0 = Release|Any CPU
		{3757AB65-2DB5-4DC8-8BEC-0FE033905F49}.Debug|Any CPU.ActiveCfg = Debug|Any CPU
		{3757AB65-2DB5-4DC8-8BEC-0FE033905F49}.Debug|Any CPU.Build.0 = Debug|Any CPU
		{3757AB65-2DB5-4DC8-8BEC-0FE033905F49}.Release|Any CPU.ActiveCfg = Release|Any CPU
		{3757AB65-2DB5-4DC8-8BEC-0FE033905F49}.Release|Any CPU.Build.0 = Release|Any CPU
		{8D12B489-92FF-403E-83E6-62364B9CC592}.Debug|Any CPU.ActiveCfg = Debug|Any CPU
		{8D12B489-92FF-403E-83E6-62364B9CC592}.Debug|Any CPU.Build.0 = Debug|Any CPU
		{8D12B489-92FF-403E-83E6-62364B9CC592}.Release|Any CPU.ActiveCfg = Release|Any CPU
		{8D12B489-92FF-403E-83E6-62364B9CC592}.Release|Any CPU.Build.0 = Release|Any CPU
		{9ED3D935-78AE-4171-A8D7-59322C5A49DD}.Debug|Any CPU.ActiveCfg = Debug|Any CPU
		{9ED3D935-78AE-4171-A8D7-59322C5A49DD}.Debug|Any CPU.Build.0 = Debug|Any CPU
		{9ED3D935-78AE-4171-A8D7-59322C5A49DD}.Release|Any CPU.ActiveCfg = Release|Any CPU
		{9ED3D935-78AE-4171-A8D7-59322C5A49DD}.Release|Any CPU.Build.0 = Release|Any CPU
	EndGlobalSection
	GlobalSection(SolutionProperties) = preSolution
		HideSolutionNode = FALSE
	EndGlobalSection
	GlobalSection(ExtensibilityGlobals) = postSolution
		SolutionGuid = {DA49495A-0D5C-45D3-8264-D547172325F4}
	EndGlobalSection
EndGlobal
